
Microsoft Visual Studio Solution File, Format Version 12.00
# Visual Studio 15
VisualStudioVersion = 15.0.28307.705
MinimumVisualStudioVersion = 10.0.40219.1
Project("{FAE04EC0-301F-11D3-BF4B-00C04F79EFBC}") = "TrackerLibrary", "TrackerLibrary\TrackerLibrary.csproj", "{AA13A02D-24E5-4CD1-93E6-BEF68839BAFD}"
EndProject
Project("{FAE04EC0-301F-11D3-BF4B-00C04F79EFBC}") = "TrackerUI", "TrackerUI\TrackerUI.csproj", "{40C90893-D742-4595-8945-95AF9C21092D}"
EndProject
Project("{00D1A9C2-B5F0-4AF3-8072-F6C62B433612}") = "TTDataBase", "TTDataBase\TTDataBase.sqlproj", "{ED1EBA39-DD49-449B-9758-45C768B18EA1}"
EndProject
Global
	GlobalSection(SolutionConfigurationPlatforms) = preSolution
		Debug|Any CPU = Debug|Any CPU
		Release|Any CPU = Release|Any CPU
	EndGlobalSection
	GlobalSection(ProjectConfigurationPlatforms) = postSolution
		{AA13A02D-24E5-4CD1-93E6-BEF68839BAFD}.Debug|Any CPU.ActiveCfg = Debug|Any CPU
		{AA13A02D-24E5-4CD1-93E6-BEF68839BAFD}.Debug|Any CPU.Build.0 = Debug|Any CPU
		{AA13A02D-24E5-4CD1-93E6-BEF68839BAFD}.Release|Any CPU.ActiveCfg = Release|Any CPU
		{AA13A02D-24E5-4CD1-93E6-BEF68839BAFD}.Release|Any CPU.Build.0 = Release|Any CPU
		{40C90893-D742-4595-8945-95AF9C21092D}.Debug|Any CPU.ActiveCfg = Debug|Any CPU
		{40C90893-D742-4595-8945-95AF9C21092D}.Debug|Any CPU.Build.0 = Debug|Any CPU
		{40C90893-D742-4595-8945-95AF9C21092D}.Release|Any CPU.ActiveCfg = Release|Any CPU
		{40C90893-D742-4595-8945-95AF9C21092D}.Release|Any CPU.Build.0 = Release|Any CPU
		{ED1EBA39-DD49-449B-9758-45C768B18EA1}.Debug|Any CPU.ActiveCfg = Debug|Any CPU
		{ED1EBA39-DD49-449B-9758-45C768B18EA1}.Debug|Any CPU.Build.0 = Debug|Any CPU
		{ED1EBA39-DD49-449B-9758-45C768B18EA1}.Debug|Any CPU.Deploy.0 = Debug|Any CPU
		{ED1EBA39-DD49-449B-9758-45C768B18EA1}.Release|Any CPU.ActiveCfg = Release|Any CPU
		{ED1EBA39-DD49-449B-9758-45C768B18EA1}.Release|Any CPU.Build.0 = Release|Any CPU
		{ED1EBA39-DD49-449B-9758-45C768B18EA1}.Release|Any CPU.Deploy.0 = Release|Any CPU
	EndGlobalSection
	GlobalSection(SolutionProperties) = preSolution
		HideSolutionNode = FALSE
	EndGlobalSection
	GlobalSection(ExtensibilityGlobals) = postSolution
		SolutionGuid = {CE802B59-C2ED-4B18-BCAF-B32F029E7451}
	EndGlobalSection
EndGlobal
